// !$*UTF8*$!
{
	archiveVersion = 1;
	classes = {
	};
	objectVersion = 50;
	objects = {

/* Begin PBXBuildFile section */
		A0B7B1CB20F7DBF200AC5DCA /* AppDelegate.swift in Sources */ = {isa = PBXBuildFile; fileRef = A0B7B1CA20F7DBF200AC5DCA /* AppDelegate.swift */; };
		A0B7B1CD20F7DBF200AC5DCA /* ViewController.swift in Sources */ = {isa = PBXBuildFile; fileRef = A0B7B1CC20F7DBF200AC5DCA /* ViewController.swift */; };
		A0B7B1D020F7DBF200AC5DCA /* Main.storyboard in Resources */ = {isa = PBXBuildFile; fileRef = A0B7B1CE20F7DBF200AC5DCA /* Main.storyboard */; };
		A0B7B1D220F7DBF300AC5DCA /* Assets.xcassets in Resources */ = {isa = PBXBuildFile; fileRef = A0B7B1D120F7DBF300AC5DCA /* Assets.xcassets */; };
		A0B7B1D520F7DBF300AC5DCA /* LaunchScreen.storyboard in Resources */ = {isa = PBXBuildFile; fileRef = A0B7B1D320F7DBF300AC5DCA /* LaunchScreen.storyboard */; };
		A0B7B1DE20F7DCD500AC5DCA /* MapKit.framework in Frameworks */ = {isa = PBXBuildFile; fileRef = A0B7B1DD20F7DCD500AC5DCA /* MapKit.framework */; };
		A0B7B1E020F7DE7000AC5DCA /* Capital.swift in Sources */ = {isa = PBXBuildFile; fileRef = A0B7B1DF20F7DE7000AC5DCA /* Capital.swift */; };
/* End PBXBuildFile section */

/* Begin PBXFileReference section */
		A0B7B1C720F7DBF200AC5DCA /* Project 19 Capital Cities.app */ = {isa = PBXFileReference; explicitFileType = wrapper.application; includeInIndex = 0; path = "Project 19 Capital Cities.app"; sourceTree = BUILT_PRODUCTS_DIR; };
		A0B7B1CA20F7DBF200AC5DCA /* AppDelegate.swift */ = {isa = PBXFileReference; lastKnownFileType = sourcecode.swift; path = AppDelegate.swift; sourceTree = "<group>"; };
		A0B7B1CC20F7DBF200AC5DCA /* ViewController.swift */ = {isa = PBXFileReference; lastKnownFileType = sourcecode.swift; path = ViewController.swift; sourceTree = "<group>"; };
		A0B7B1CF20F7DBF200AC5DCA /* Base */ = {isa = PBXFileReference; lastKnownFileType = file.storyboard; name = Base; path = Base.lproj/Main.storyboard; sourceTree = "<group>"; };
		A0B7B1D120F7DBF300AC5DCA /* Assets.xcassets */ = {isa = PBXFileReference; lastKnownFileType = folder.assetcatalog; path = Assets.xcassets; sourceTree = "<group>"; };
		A0B7B1D420F7DBF300AC5DCA /* Base */ = {isa = PBXFileReference; lastKnownFileType = file.storyboard; name = Base; path = Base.lproj/LaunchScreen.storyboard; sourceTree = "<group>"; };
		A0B7B1D620F7DBF300AC5DCA /* Info.plist */ = {isa = PBXFileReference; lastKnownFileType = text.plist.xml; path = Info.plist; sourceTree = "<group>"; };
		A0B7B1DD20F7DCD500AC5DCA /* MapKit.framework */ = {isa = PBXFileReference; lastKnownFileType = wrapper.framework; name = MapKit.framework; path = System/Library/Frameworks/MapKit.framework; sourceTree = SDKROOT; };
		A0B7B1DF20F7DE7000AC5DCA /* Capital.swift */ = {isa = PBXFileReference; lastKnownFileType = sourcecode.swift; path = Capital.swift; sourceTree = "<group>"; };
/* End PBXFileReference section */

/* Begin PBXFrameworksBuildPhase section */
		A0B7B1C420F7DBF200AC5DCA /* Frameworks */ = {
			isa = PBXFrameworksBuildPhase;
			buildActionMask = 2147483647;
			files = (
				A0B7B1DE20F7DCD500AC5DCA /* MapKit.framework in Frameworks */,
			);
			runOnlyForDeploymentPostprocessing = 0;
		};
/* End PBXFrameworksBuildPhase section */

/* Begin PBXGroup section */
		A0B7B1BE20F7DBF200AC5DCA = {
			isa = PBXGroup;
			children = (
				A0B7B1C920F7DBF200AC5DCA /* Project 19 Capital Cities */,
				A0B7B1C820F7DBF200AC5DCA /* Products */,
				A0B7B1DC20F7DCD500AC5DCA /* Frameworks */,
			);
			sourceTree = "<group>";
		};
		A0B7B1C820F7DBF200AC5DCA /* Products */ = {
			isa = PBXGroup;
			children = (
				A0B7B1C720F7DBF200AC5DCA /* Project 19 Capital Cities.app */,
			);
			name = Products;
			sourceTree = "<group>";
		};
		A0B7B1C920F7DBF200AC5DCA /* Project 19 Capital Cities */ = {
			isa = PBXGroup;
			children = (
				A0B7B1CA20F7DBF200AC5DCA /* AppDelegate.swift */,
				A0B7B1CC20F7DBF200AC5DCA /* ViewController.swift */,
				A0B7B1DF20F7DE7000AC5DCA /* Capital.swift */,
				A0B7B1CE20F7DBF200AC5DCA /* Main.storyboard */,
				A0B7B1D120F7DBF300AC5DCA /* Assets.xcassets */,
				A0B7B1D320F7DBF300AC5DCA /* LaunchScreen.storyboard */,
				A0B7B1D620F7DBF300AC5DCA /* Info.plist */,
			);
			path = "Project 19 Capital Cities";
			sourceTree = "<group>";
		};
		A0B7B1DC20F7DCD500AC5DCA /* Frameworks */ = {
			isa = PBXGroup;
			children = (
				A0B7B1DD20F7DCD500AC5DCA /* MapKit.framework */,
			);
			name = Frameworks;
			sourceTree = "<group>";
		};
/* End PBXGroup section */

/* Begin PBXNativeTarget section */
		A0B7B1C620F7DBF200AC5DCA /* Project 19 Capital Cities */ = {
			isa = PBXNativeTarget;
			buildConfigurationList = A0B7B1D920F7DBF300AC5DCA /* Build configuration list for PBXNativeTarget "Project 19 Capital Cities" */;
			buildPhases = (
				A0B7B1C320F7DBF200AC5DCA /* Sources */,
				A0B7B1C420F7DBF200AC5DCA /* Frameworks */,
				A0B7B1C520F7DBF200AC5DCA /* Resources */,
			);
			buildRules = (
			);
			dependencies = (
			);
			name = "Project 19 Capital Cities";
			productName = "Project 19 Capital Cities";
			productReference = A0B7B1C720F7DBF200AC5DCA /* Project 19 Capital Cities.app */;
			productType = "com.apple.product-type.application";
		};
/* End PBXNativeTarget section */

/* Begin PBXProject section */
		A0B7B1BF20F7DBF200AC5DCA /* Project object */ = {
			isa = PBXProject;
			attributes = {
				LastSwiftUpdateCheck = 0940;
				LastUpgradeCheck = 0940;
				ORGANIZATIONNAME = "Felix Lin";
				TargetAttributes = {
					A0B7B1C620F7DBF200AC5DCA = {
						CreatedOnToolsVersion = 9.4.1;
						SystemCapabilities = {
							com.apple.Maps.iOS = {
								enabled = 1;
							};
						};
					};
				};
			};
			buildConfigurationList = A0B7B1C220F7DBF200AC5DCA /* Build configuration list for PBXProject "Project 19 Capital Cities" */;
			compatibilityVersion = "Xcode 9.3";
			developmentRegion = en;
			hasScannedForEncodings = 0;
			knownRegions = (
				en,
				Base,
			);
			mainGroup = A0B7B1BE20F7DBF200AC5DCA;
			productRefGroup = A0B7B1C820F7DBF200AC5DCA /* Products */;
			projectDirPath = "";
			projectRoot = "";
			targets = (
				A0B7B1C620F7DBF200AC5DCA /* Project 19 Capital Cities */,
			);
		};
/* End PBXProject section */

/* Begin PBXResourcesBuildPhase section */
		A0B7B1C520F7DBF200AC5DCA /* Resources */ = {
			isa = PBXResourcesBuildPhase;
			buildActionMask = 2147483647;
			files = (
				A0B7B1D520F7DBF300AC5DCA /* LaunchScreen.storyboard in Resources */,
				A0B7B1D220F7DBF300AC5DCA /* Assets.xcassets in Resources */,
				A0B7B1D020F7DBF200AC5DCA /* Main.storyboard in Resources */,
			);
			runOnlyForDeploymentPostprocessing = 0;
		};
/* End PBXResourcesBuildPhase section */

/* Begin PBXSourcesBuildPhase section */
		A0B7B1C320F7DBF200AC5DCA /* Sources */ = {
			isa = PBXSourcesBuildPhase;
			buildActionMask = 2147483647;
			files = (
				A0B7B1CD20F7DBF200AC5DCA /* ViewController.swift in Sources */,
				A0B7B1CB20F7DBF200AC5DCA /* AppDelegate.swift in Sources */,
				A0B7B1E020F7DE7000AC5DCA /* Capital.swift in Sources */,
			);
			runOnlyForDeploymentPostprocessing = 0;
		};
/* End PBXSourcesBuildPhase section */

/* Begin PBXVariantGroup section */
		A0B7B1CE20F7DBF200AC5DCA /* Main.storyboard */ = {
			isa = PBXVariantGroup;
			children = (
				A0B7B1CF20F7DBF200AC5DCA /* Base */,
			);
			name = Main.storyboard;
			sourceTree = "<group>";
		};
		A0B7B1D320F7DBF300AC5DCA /* LaunchScreen.storyboard */ = {
			isa = PBXVariantGroup;
			children = (
				A0B7B1D420F7DBF300AC5DCA /* Base */,
			);
			name = LaunchScreen.storyboard;
			sourceTree = "<group>";
		};
/* End PBXVariantGroup section */

/* Begin XCBuildConfiguration section */
		A0B7B1D720F7DBF300AC5DCA /* Debug */ = {
			isa = XCBuildConfiguration;
			buildSettings = {
				ALWAYS_SEARCH_USER_PATHS = NO;
				CLANG_ANALYZER_NONNULL = YES;
				CLANG_ANALYZER_NUMBER_OBJECT_CONVERSION = YES_AGGRESSIVE;
				CLANG_CXX_LANGUAGE_STANDARD = "gnu++14";
				CLANG_CXX_LIBRARY = "libc++";
				CLANG_ENABLE_MODULES = YES;
				CLANG_ENABLE_OBJC_ARC = YES;
				CLANG_ENABLE_OBJC_WEAK = YES;
				CLANG_WARN_BLOCK_CAPTURE_AUTORELEASING = YES;
				CLANG_WARN_BOOL_CONVERSION = YES;
				CLANG_WARN_COMMA = YES;
				CLANG_WARN_CONSTANT_CONVERSION = YES;
				CLANG_WARN_DEPRECATED_OBJC_IMPLEMENTATIONS = YES;
				CLANG_WARN_DIRECT_OBJC_ISA_USAGE = YES_ERROR;
				CLANG_WARN_DOCUMENTATION_COMMENTS = YES;
				CLANG_WARN_EMPTY_BODY = YES;
				CLANG_WARN_ENUM_CONVERSION = YES;
				CLANG_WARN_INFINITE_RECURSION = YES;
				CLANG_WARN_INT_CONVERSION = YES;
				CLANG_WARN_NON_LITERAL_NULL_CONVERSION = YES;
				CLANG_WARN_OBJC_IMPLICIT_RETAIN_SELF = YES;
				CLANG_WARN_OBJC_LITERAL_CONVERSION = YES;
				CLANG_WARN_OBJC_ROOT_CLASS = YES_ERROR;
				CLANG_WARN_RANGE_LOOP_ANALYSIS = YES;
				CLANG_WARN_STRICT_PROTOTYPES = YES;
				CLANG_WARN_SUSPICIOUS_MOVE = YES;
				CLANG_WARN_UNGUARDED_AVAILABILITY = YES_AGGRESSIVE;
				CLANG_WARN_UNREACHABLE_CODE = YES;
				CLANG_WARN__DUPLICATE_METHOD_MATCH = YES;
				CODE_SIGN_IDENTITY = "iPhone Developer";
				COPY_PHASE_STRIP = NO;
				DEBUG_INFORMATION_FORMAT = dwarf;
				ENABLE_STRICT_OBJC_MSGSEND = YES;
				ENABLE_TESTABILITY = YES;
				GCC_C_LANGUAGE_STANDARD = gnu11;
				GCC_DYNAMIC_NO_PIC = NO;
				GCC_NO_COMMON_BLOCKS = YES;
				GCC_OPTIMIZATION_LEVEL = 0;
				GCC_PREPROCESSOR_DEFINITIONS = (
					"DEBUG=1",
					"$(inherited)",
				);
				GCC_WARN_64_TO_32_BIT_CONVERSION = YES;
				GCC_WARN_ABOUT_RETURN_TYPE = YES_ERROR;
				GCC_WARN_UNDECLARED_SELECTOR = YES;
				GCC_WARN_UNINITIALIZED_AUTOS = YES_AGGRESSIVE;
				GCC_WARN_UNUSED_FUNCTION = YES;
				GCC_WARN_UNUSED_VARIABLE = YES;
				IPHONEOS_DEPLOYMENT_TARGET = 11.4;
				MTL_ENABLE_DEBUG_INFO = YES;
				ONLY_ACTIVE_ARCH = YES;
				SDKROOT = iphoneos;
				SWIFT_ACTIVE_COMPILATION_CONDITIONS = DEBUG;
				SWIFT_OPTIMIZATION_LEVEL = "-Onone";
			};
			name = Debug;
		};
		A0B7B1D820F7DBF300AC5DCA /* Release */ = {
			isa = XCBuildConfiguration;
			buildSettings = {
				ALWAYS_SEARCH_USER_PATHS = NO;
				CLANG_ANALYZER_NONNULL = YES;
				CLANG_ANALYZER_NUMBER_OBJECT_CONVERSION = YES_AGGRESSIVE;
				CLANG_CXX_LANGUAGE_STANDARD = "gnu++14";
				CLANG_CXX_LIBRARY = "libc++";
				CLANG_ENABLE_MODULES = YES;
				CLANG_ENABLE_OBJC_ARC = YES;
				CLANG_ENABLE_OBJC_WEAK = YES;
				CLANG_WARN_BLOCK_CAPTURE_AUTORELEASING = YES;
				CLANG_WARN_BOOL_CONVERSION = YES;
				CLANG_WARN_COMMA = YES;
				CLANG_WARN_CONSTANT_CONVERSION = YES;
				CLANG_WARN_DEPRECATED_OBJC_IMPLEMENTATIONS = YES;
				CLANG_WARN_DIRECT_OBJC_ISA_USAGE = YES_ERROR;
				CLANG_WARN_DOCUMENTATION_COMMENTS = YES;
				CLANG_WARN_EMPTY_BODY = YES;
				CLANG_WARN_ENUM_CONVERSION = YES;
				CLANG_WARN_INFINITE_RECURSION = YES;
				CLANG_WARN_INT_CONVERSION = YES;
				CLANG_WARN_NON_LITERAL_NULL_CONVERSION = YES;
				CLANG_WARN_OBJC_IMPLICIT_RETAIN_SELF = YES;
				CLANG_WARN_OBJC_LITERAL_CONVERSION = YES;
				CLANG_WARN_OBJC_ROOT_CLASS = YES_ERROR;
				CLANG_WARN_RANGE_LOOP_ANALYSIS = YES;
				CLANG_WARN_STRICT_PROTOTYPES = YES;
				CLANG_WARN_SUSPICIOUS_MOVE = YES;
				CLANG_WARN_UNGUARDED_AVAILABILITY = YES_AGGRESSIVE;
				CLANG_WARN_UNREACHABLE_CODE = YES;
				CLANG_WARN__DUPLICATE_METHOD_MATCH = YES;
				CODE_SIGN_IDENTITY = "iPhone Developer";
				COPY_PHASE_STRIP = NO;
				DEBUG_INFORMATION_FORMAT = "dwarf-with-dsym";
				ENABLE_NS_ASSERTIONS = NO;
				ENABLE_STRICT_OBJC_MSGSEND = YES;
				GCC_C_LANGUAGE_STANDARD = gnu11;
				GCC_NO_COMMON_BLOCKS = YES;
				GCC_WARN_64_TO_32_BIT_CONVERSION = YES;
				GCC_WARN_ABOUT_RETURN_TYPE = YES_ERROR;
				GCC_WARN_UNDECLARED_SELECTOR = YES;
				GCC_WARN_UNINITIALIZED_AUTOS = YES_AGGRESSIVE;
				GCC_WARN_UNUSED_FUNCTION = YES;
				GCC_WARN_UNUSED_VARIABLE = YES;
				IPHONEOS_DEPLOYMENT_TARGET = 11.4;
				MTL_ENABLE_DEBUG_INFO = NO;
				SDKROOT = iphoneos;
				SWIFT_COMPILATION_MODE = wholemodule;
				SWIFT_OPTIMIZATION_LEVEL = "-O";
				VALIDATE_PRODUCT = YES;
			};
			name = Release;
		};
		A0B7B1DA20F7DBF300AC5DCA /* Debug */ = {
			isa = XCBuildConfiguration;
			buildSettings = {
				ASSETCATALOG_COMPILER_APPICON_NAME = AppIcon;
				CODE_SIGN_STYLE = Automatic;
				DEVELOPMENT_TEAM = KX2VYW399T;
				INFOPLIST_FILE = "Project 19 Capital Cities/Info.plist";
				LD_RUNPATH_SEARCH_PATHS = (
					"$(inherited)",
					"@executable_path/Frameworks",
				);
				PRODUCT_BUNDLE_IDENTIFIER = "com.felix.Project-19-Capital-Cities";
				PRODUCT_NAME = "$(TARGET_NAME)";
				SWIFT_VERSION = 4.0;
				TARGETED_DEVICE_FAMILY = "1,2";
			};
			name = Debug;
		};
		A0B7B1DB20F7DBF300AC5DCA /* Release */ = {
			isa = XCBuildConfiguration;
			buildSettings = {
				ASSETCATALOG_COMPILER_APPICON_NAME = AppIcon;
				CODE_SIGN_STYLE = Automatic;
				DEVELOPMENT_TEAM = KX2VYW399T;
				INFOPLIST_FILE = "Project 19 Capital Cities/Info.plist";
				LD_RUNPATH_SEARCH_PATHS = (
					"$(inherited)",
					"@executable_path/Frameworks",
				);
				PRODUCT_BUNDLE_IDENTIFIER = "com.felix.Project-19-Capital-Cities";
				PRODUCT_NAME = "$(TARGET_NAME)";
				SWIFT_VERSION = 4.0;
				TARGETED_DEVICE_FAMILY = "1,2";
			};
			name = Release;
		};
/* End XCBuildConfiguration section */

/* Begin XCConfigurationList section */
		A0B7B1C220F7DBF200AC5DCA /* Build configuration list for PBXProject "Project 19 Capital Cities" */ = {
			isa = XCConfigurationList;
			buildConfigurations = (
				A0B7B1D720F7DBF300AC5DCA /* Debug */,
				A0B7B1D820F7DBF300AC5DCA /* Release */,
			);
			defaultConfigurationIsVisible = 0;
			defaultConfigurationName = Release;
		};
		A0B7B1D920F7DBF300AC5DCA /* Build configuration list for PBXNativeTarget "Project 19 Capital Cities" */ = {
			isa = XCConfigurationList;
			buildConfigurations = (
				A0B7B1DA20F7DBF300AC5DCA /* Debug */,
				A0B7B1DB20F7DBF300AC5DCA /* Release */,
			);
			defaultConfigurationIsVisible = 0;
			defaultConfigurationName = Release;
		};
/* End XCConfigurationList section */
	};
	rootObject = A0B7B1BF20F7DBF200AC5DCA /* Project object */;
}
