// !$*UTF8*$!
{
	archiveVersion = 1;
	classes = {
	};
	objectVersion = 50;
	objects = {

/* Begin PBXBuildFile section */
		A0B7B1AD20F7D2C700AC5DCA /* AppDelegate.swift in Sources */ = {isa = PBXBuildFile; fileRef = A0B7B1AC20F7D2C700AC5DCA /* AppDelegate.swift */; };
		A0B7B1AF20F7D2C700AC5DCA /* ViewController.swift in Sources */ = {isa = PBXBuildFile; fileRef = A0B7B1AE20F7D2C700AC5DCA /* ViewController.swift */; };
		A0B7B1B220F7D2C700AC5DCA /* Main.storyboard in Resources */ = {isa = PBXBuildFile; fileRef = A0B7B1B020F7D2C700AC5DCA /* Main.storyboard */; };
		A0B7B1B420F7D2C900AC5DCA /* Assets.xcassets in Resources */ = {isa = PBXBuildFile; fileRef = A0B7B1B320F7D2C900AC5DCA /* Assets.xcassets */; };
		A0B7B1B720F7D2C900AC5DCA /* LaunchScreen.storyboard in Resources */ = {isa = PBXBuildFile; fileRef = A0B7B1B520F7D2C900AC5DCA /* LaunchScreen.storyboard */; };
/* End PBXBuildFile section */

/* Begin PBXFileReference section */
		A0B7B1A920F7D2C700AC5DCA /* Project 18 Debugging.app */ = {isa = PBXFileReference; explicitFileType = wrapper.application; includeInIndex = 0; path = "Project 18 Debugging.app"; sourceTree = BUILT_PRODUCTS_DIR; };
		A0B7B1AC20F7D2C700AC5DCA /* AppDelegate.swift */ = {isa = PBXFileReference; lastKnownFileType = sourcecode.swift; path = AppDelegate.swift; sourceTree = "<group>"; };
		A0B7B1AE20F7D2C700AC5DCA /* ViewController.swift */ = {isa = PBXFileReference; lastKnownFileType = sourcecode.swift; path = ViewController.swift; sourceTree = "<group>"; };
		A0B7B1B120F7D2C700AC5DCA /* Base */ = {isa = PBXFileReference; lastKnownFileType = file.storyboard; name = Base; path = Base.lproj/Main.storyboard; sourceTree = "<group>"; };
		A0B7B1B320F7D2C900AC5DCA /* Assets.xcassets */ = {isa = PBXFileReference; lastKnownFileType = folder.assetcatalog; path = Assets.xcassets; sourceTree = "<group>"; };
		A0B7B1B620F7D2C900AC5DCA /* Base */ = {isa = PBXFileReference; lastKnownFileType = file.storyboard; name = Base; path = Base.lproj/LaunchScreen.storyboard; sourceTree = "<group>"; };
		A0B7B1B820F7D2C900AC5DCA /* Info.plist */ = {isa = PBXFileReference; lastKnownFileType = text.plist.xml; path = Info.plist; sourceTree = "<group>"; };
/* End PBXFileReference section */

/* Begin PBXFrameworksBuildPhase section */
		A0B7B1A620F7D2C700AC5DCA /* Frameworks */ = {
			isa = PBXFrameworksBuildPhase;
			buildActionMask = 2147483647;
			files = (
			);
			runOnlyForDeploymentPostprocessing = 0;
		};
/* End PBXFrameworksBuildPhase section */

/* Begin PBXGroup section */
		A0B7B1A020F7D2C700AC5DCA = {
			isa = PBXGroup;
			children = (
				A0B7B1AB20F7D2C700AC5DCA /* Project 18 Debugging */,
				A0B7B1AA20F7D2C700AC5DCA /* Products */,
			);
			sourceTree = "<group>";
		};
		A0B7B1AA20F7D2C700AC5DCA /* Products */ = {
			isa = PBXGroup;
			children = (
				A0B7B1A920F7D2C700AC5DCA /* Project 18 Debugging.app */,
			);
			name = Products;
			sourceTree = "<group>";
		};
		A0B7B1AB20F7D2C700AC5DCA /* Project 18 Debugging */ = {
			isa = PBXGroup;
			children = (
				A0B7B1AC20F7D2C700AC5DCA /* AppDelegate.swift */,
				A0B7B1AE20F7D2C700AC5DCA /* ViewController.swift */,
				A0B7B1B020F7D2C700AC5DCA /* Main.storyboard */,
				A0B7B1B320F7D2C900AC5DCA /* Assets.xcassets */,
				A0B7B1B520F7D2C900AC5DCA /* LaunchScreen.storyboard */,
				A0B7B1B820F7D2C900AC5DCA /* Info.plist */,
			);
			path = "Project 18 Debugging";
			sourceTree = "<group>";
		};
/* End PBXGroup section */

/* Begin PBXNativeTarget section */
		A0B7B1A820F7D2C700AC5DCA /* Project 18 Debugging */ = {
			isa = PBXNativeTarget;
			buildConfigurationList = A0B7B1BB20F7D2C900AC5DCA /* Build configuration list for PBXNativeTarget "Project 18 Debugging" */;
			buildPhases = (
				A0B7B1A520F7D2C700AC5DCA /* Sources */,
				A0B7B1A620F7D2C700AC5DCA /* Frameworks */,
				A0B7B1A720F7D2C700AC5DCA /* Resources */,
			);
			buildRules = (
			);
			dependencies = (
			);
			name = "Project 18 Debugging";
			productName = "Project 18 Debugging";
			productReference = A0B7B1A920F7D2C700AC5DCA /* Project 18 Debugging.app */;
			productType = "com.apple.product-type.application";
		};
/* End PBXNativeTarget section */

/* Begin PBXProject section */
		A0B7B1A120F7D2C700AC5DCA /* Project object */ = {
			isa = PBXProject;
			attributes = {
				LastSwiftUpdateCheck = 0940;
				LastUpgradeCheck = 0940;
				ORGANIZATIONNAME = "Felix Lin";
				TargetAttributes = {
					A0B7B1A820F7D2C700AC5DCA = {
						CreatedOnToolsVersion = 9.4.1;
					};
				};
			};
			buildConfigurationList = A0B7B1A420F7D2C700AC5DCA /* Build configuration list for PBXProject "Project 18 Debugging" */;
			compatibilityVersion = "Xcode 9.3";
			developmentRegion = en;
			hasScannedForEncodings = 0;
			knownRegions = (
				en,
				Base,
			);
			mainGroup = A0B7B1A020F7D2C700AC5DCA;
			productRefGroup = A0B7B1AA20F7D2C700AC5DCA /* Products */;
			projectDirPath = "";
			projectRoot = "";
			targets = (
				A0B7B1A820F7D2C700AC5DCA /* Project 18 Debugging */,
			);
		};
/* End PBXProject section */

/* Begin PBXResourcesBuildPhase section */
		A0B7B1A720F7D2C700AC5DCA /* Resources */ = {
			isa = PBXResourcesBuildPhase;
			buildActionMask = 2147483647;
			files = (
				A0B7B1B720F7D2C900AC5DCA /* LaunchScreen.storyboard in Resources */,
				A0B7B1B420F7D2C900AC5DCA /* Assets.xcassets in Resources */,
				A0B7B1B220F7D2C700AC5DCA /* Main.storyboard in Resources */,
			);
			runOnlyForDeploymentPostprocessing = 0;
		};
/* End PBXResourcesBuildPhase section */

/* Begin PBXSourcesBuildPhase section */
		A0B7B1A520F7D2C700AC5DCA /* Sources */ = {
			isa = PBXSourcesBuildPhase;
			buildActionMask = 2147483647;
			files = (
				A0B7B1AF20F7D2C700AC5DCA /* ViewController.swift in Sources */,
				A0B7B1AD20F7D2C700AC5DCA /* AppDelegate.swift in Sources */,
			);
			runOnlyForDeploymentPostprocessing = 0;
		};
/* End PBXSourcesBuildPhase section */

/* Begin PBXVariantGroup section */
		A0B7B1B020F7D2C700AC5DCA /* Main.storyboard */ = {
			isa = PBXVariantGroup;
			children = (
				A0B7B1B120F7D2C700AC5DCA /* Base */,
			);
			name = Main.storyboard;
			sourceTree = "<group>";
		};
		A0B7B1B520F7D2C900AC5DCA /* LaunchScreen.storyboard */ = {
			isa = PBXVariantGroup;
			children = (
				A0B7B1B620F7D2C900AC5DCA /* Base */,
			);
			name = LaunchScreen.storyboard;
			sourceTree = "<group>";
		};
/* End PBXVariantGroup section */

/* Begin XCBuildConfiguration section */
		A0B7B1B920F7D2C900AC5DCA /* Debug */ = {
			isa = XCBuildConfiguration;
			buildSettings = {
				ALWAYS_SEARCH_USER_PATHS = NO;
				CLANG_ANALYZER_NONNULL = YES;
				CLANG_ANALYZER_NUMBER_OBJECT_CONVERSION = YES_AGGRESSIVE;
				CLANG_CXX_LANGUAGE_STANDARD = "gnu++14";
				CLANG_CXX_LIBRARY = "libc++";
				CLANG_ENABLE_MODULES = YES;
				CLANG_ENABLE_OBJC_ARC = YES;
				CLANG_ENABLE_OBJC_WEAK = YES;
				CLANG_WARN_BLOCK_CAPTURE_AUTORELEASING = YES;
				CLANG_WARN_BOOL_CONVERSION = YES;
				CLANG_WARN_COMMA = YES;
				CLANG_WARN_CONSTANT_CONVERSION = YES;
				CLANG_WARN_DEPRECATED_OBJC_IMPLEMENTATIONS = YES;
				CLANG_WARN_DIRECT_OBJC_ISA_USAGE = YES_ERROR;
				CLANG_WARN_DOCUMENTATION_COMMENTS = YES;
				CLANG_WARN_EMPTY_BODY = YES;
				CLANG_WARN_ENUM_CONVERSION = YES;
				CLANG_WARN_INFINITE_RECURSION = YES;
				CLANG_WARN_INT_CONVERSION = YES;
				CLANG_WARN_NON_LITERAL_NULL_CONVERSION = YES;
				CLANG_WARN_OBJC_IMPLICIT_RETAIN_SELF = YES;
				CLANG_WARN_OBJC_LITERAL_CONVERSION = YES;
				CLANG_WARN_OBJC_ROOT_CLASS = YES_ERROR;
				CLANG_WARN_RANGE_LOOP_ANALYSIS = YES;
				CLANG_WARN_STRICT_PROTOTYPES = YES;
				CLANG_WARN_SUSPICIOUS_MOVE = YES;
				CLANG_WARN_UNGUARDED_AVAILABILITY = YES_AGGRESSIVE;
				CLANG_WARN_UNREACHABLE_CODE = YES;
				CLANG_WARN__DUPLICATE_METHOD_MATCH = YES;
				CODE_SIGN_IDENTITY = "iPhone Developer";
				COPY_PHASE_STRIP = NO;
				DEBUG_INFORMATION_FORMAT = dwarf;
				ENABLE_STRICT_OBJC_MSGSEND = YES;
				ENABLE_TESTABILITY = YES;
				GCC_C_LANGUAGE_STANDARD = gnu11;
				GCC_DYNAMIC_NO_PIC = NO;
				GCC_NO_COMMON_BLOCKS = YES;
				GCC_OPTIMIZATION_LEVEL = 0;
				GCC_PREPROCESSOR_DEFINITIONS = (
					"DEBUG=1",
					"$(inherited)",
				);
				GCC_WARN_64_TO_32_BIT_CONVERSION = YES;
				GCC_WARN_ABOUT_RETURN_TYPE = YES_ERROR;
				GCC_WARN_UNDECLARED_SELECTOR = YES;
				GCC_WARN_UNINITIALIZED_AUTOS = YES_AGGRESSIVE;
				GCC_WARN_UNUSED_FUNCTION = YES;
				GCC_WARN_UNUSED_VARIABLE = YES;
				IPHONEOS_DEPLOYMENT_TARGET = 11.4;
				MTL_ENABLE_DEBUG_INFO = YES;
				ONLY_ACTIVE_ARCH = YES;
				SDKROOT = iphoneos;
				SWIFT_ACTIVE_COMPILATION_CONDITIONS = DEBUG;
				SWIFT_OPTIMIZATION_LEVEL = "-Onone";
			};
			name = Debug;
		};
		A0B7B1BA20F7D2C900AC5DCA /* Release */ = {
			isa = XCBuildConfiguration;
			buildSettings = {
				ALWAYS_SEARCH_USER_PATHS = NO;
				CLANG_ANALYZER_NONNULL = YES;
				CLANG_ANALYZER_NUMBER_OBJECT_CONVERSION = YES_AGGRESSIVE;
				CLANG_CXX_LANGUAGE_STANDARD = "gnu++14";
				CLANG_CXX_LIBRARY = "libc++";
				CLANG_ENABLE_MODULES = YES;
				CLANG_ENABLE_OBJC_ARC = YES;
				CLANG_ENABLE_OBJC_WEAK = YES;
				CLANG_WARN_BLOCK_CAPTURE_AUTORELEASING = YES;
				CLANG_WARN_BOOL_CONVERSION = YES;
				CLANG_WARN_COMMA = YES;
				CLANG_WARN_CONSTANT_CONVERSION = YES;
				CLANG_WARN_DEPRECATED_OBJC_IMPLEMENTATIONS = YES;
				CLANG_WARN_DIRECT_OBJC_ISA_USAGE = YES_ERROR;
				CLANG_WARN_DOCUMENTATION_COMMENTS = YES;
				CLANG_WARN_EMPTY_BODY = YES;
				CLANG_WARN_ENUM_CONVERSION = YES;
				CLANG_WARN_INFINITE_RECURSION = YES;
				CLANG_WARN_INT_CONVERSION = YES;
				CLANG_WARN_NON_LITERAL_NULL_CONVERSION = YES;
				CLANG_WARN_OBJC_IMPLICIT_RETAIN_SELF = YES;
				CLANG_WARN_OBJC_LITERAL_CONVERSION = YES;
				CLANG_WARN_OBJC_ROOT_CLASS = YES_ERROR;
				CLANG_WARN_RANGE_LOOP_ANALYSIS = YES;
				CLANG_WARN_STRICT_PROTOTYPES = YES;
				CLANG_WARN_SUSPICIOUS_MOVE = YES;
				CLANG_WARN_UNGUARDED_AVAILABILITY = YES_AGGRESSIVE;
				CLANG_WARN_UNREACHABLE_CODE = YES;
				CLANG_WARN__DUPLICATE_METHOD_MATCH = YES;
				CODE_SIGN_IDENTITY = "iPhone Developer";
				COPY_PHASE_STRIP = NO;
				DEBUG_INFORMATION_FORMAT = "dwarf-with-dsym";
				ENABLE_NS_ASSERTIONS = NO;
				ENABLE_STRICT_OBJC_MSGSEND = YES;
				GCC_C_LANGUAGE_STANDARD = gnu11;
				GCC_NO_COMMON_BLOCKS = YES;
				GCC_WARN_64_TO_32_BIT_CONVERSION = YES;
				GCC_WARN_ABOUT_RETURN_TYPE = YES_ERROR;
				GCC_WARN_UNDECLARED_SELECTOR = YES;
				GCC_WARN_UNINITIALIZED_AUTOS = YES_AGGRESSIVE;
				GCC_WARN_UNUSED_FUNCTION = YES;
				GCC_WARN_UNUSED_VARIABLE = YES;
				IPHONEOS_DEPLOYMENT_TARGET = 11.4;
				MTL_ENABLE_DEBUG_INFO = NO;
				SDKROOT = iphoneos;
				SWIFT_COMPILATION_MODE = wholemodule;
				SWIFT_OPTIMIZATION_LEVEL = "-O";
				VALIDATE_PRODUCT = YES;
			};
			name = Release;
		};
		A0B7B1BC20F7D2C900AC5DCA /* Debug */ = {
			isa = XCBuildConfiguration;
			buildSettings = {
				ASSETCATALOG_COMPILER_APPICON_NAME = AppIcon;
				CODE_SIGN_STYLE = Automatic;
				DEVELOPMENT_TEAM = KX2VYW399T;
				INFOPLIST_FILE = "Project 18 Debugging/Info.plist";
				LD_RUNPATH_SEARCH_PATHS = (
					"$(inherited)",
					"@executable_path/Frameworks",
				);
				PRODUCT_BUNDLE_IDENTIFIER = "com.felix.Project-18-Debugging";
				PRODUCT_NAME = "$(TARGET_NAME)";
				SWIFT_VERSION = 4.0;
				TARGETED_DEVICE_FAMILY = "1,2";
			};
			name = Debug;
		};
		A0B7B1BD20F7D2C900AC5DCA /* Release */ = {
			isa = XCBuildConfiguration;
			buildSettings = {
				ASSETCATALOG_COMPILER_APPICON_NAME = AppIcon;
				CODE_SIGN_STYLE = Automatic;
				DEVELOPMENT_TEAM = KX2VYW399T;
				INFOPLIST_FILE = "Project 18 Debugging/Info.plist";
				LD_RUNPATH_SEARCH_PATHS = (
					"$(inherited)",
					"@executable_path/Frameworks",
				);
				PRODUCT_BUNDLE_IDENTIFIER = "com.felix.Project-18-Debugging";
				PRODUCT_NAME = "$(TARGET_NAME)";
				SWIFT_VERSION = 4.0;
				TARGETED_DEVICE_FAMILY = "1,2";
			};
			name = Release;
		};
/* End XCBuildConfiguration section */

/* Begin XCConfigurationList section */
		A0B7B1A420F7D2C700AC5DCA /* Build configuration list for PBXProject "Project 18 Debugging" */ = {
			isa = XCConfigurationList;
			buildConfigurations = (
				A0B7B1B920F7D2C900AC5DCA /* Debug */,
				A0B7B1BA20F7D2C900AC5DCA /* Release */,
			);
			defaultConfigurationIsVisible = 0;
			defaultConfigurationName = Release;
		};
		A0B7B1BB20F7D2C900AC5DCA /* Build configuration list for PBXNativeTarget "Project 18 Debugging" */ = {
			isa = XCConfigurationList;
			buildConfigurations = (
				A0B7B1BC20F7D2C900AC5DCA /* Debug */,
				A0B7B1BD20F7D2C900AC5DCA /* Release */,
			);
			defaultConfigurationIsVisible = 0;
			defaultConfigurationName = Release;
		};
/* End XCConfigurationList section */
	};
	rootObject = A0B7B1A120F7D2C700AC5DCA /* Project object */;
}
