// !$*UTF8*$!
{
	archiveVersion = 1;
	classes = {
	};
	objectVersion = 50;
	objects = {

/* Begin PBXBuildFile section */
		A0C0720420E3FBF800517ACF /* AppDelegate.swift in Sources */ = {isa = PBXBuildFile; fileRef = A0C0720320E3FBF800517ACF /* AppDelegate.swift */; };
		A0C0720620E3FBF800517ACF /* ViewController.swift in Sources */ = {isa = PBXBuildFile; fileRef = A0C0720520E3FBF800517ACF /* ViewController.swift */; };
		A0C0720920E3FBF800517ACF /* Main.storyboard in Resources */ = {isa = PBXBuildFile; fileRef = A0C0720720E3FBF800517ACF /* Main.storyboard */; };
		A0C0720B20E3FBF900517ACF /* Assets.xcassets in Resources */ = {isa = PBXBuildFile; fileRef = A0C0720A20E3FBF900517ACF /* Assets.xcassets */; };
		A0C0720E20E3FBF900517ACF /* LaunchScreen.storyboard in Resources */ = {isa = PBXBuildFile; fileRef = A0C0720C20E3FBF900517ACF /* LaunchScreen.storyboard */; };
		A0C0721620E4119400517ACF /* PersonCell.swift in Sources */ = {isa = PBXBuildFile; fileRef = A0C0721520E4119400517ACF /* PersonCell.swift */; };
/* End PBXBuildFile section */

/* Begin PBXFileReference section */
		A0C0720020E3FBF800517ACF /* Project 10 Names to Faces.app */ = {isa = PBXFileReference; explicitFileType = wrapper.application; includeInIndex = 0; path = "Project 10 Names to Faces.app"; sourceTree = BUILT_PRODUCTS_DIR; };
		A0C0720320E3FBF800517ACF /* AppDelegate.swift */ = {isa = PBXFileReference; lastKnownFileType = sourcecode.swift; path = AppDelegate.swift; sourceTree = "<group>"; };
		A0C0720520E3FBF800517ACF /* ViewController.swift */ = {isa = PBXFileReference; lastKnownFileType = sourcecode.swift; path = ViewController.swift; sourceTree = "<group>"; };
		A0C0720820E3FBF800517ACF /* Base */ = {isa = PBXFileReference; lastKnownFileType = file.storyboard; name = Base; path = Base.lproj/Main.storyboard; sourceTree = "<group>"; };
		A0C0720A20E3FBF900517ACF /* Assets.xcassets */ = {isa = PBXFileReference; lastKnownFileType = folder.assetcatalog; path = Assets.xcassets; sourceTree = "<group>"; };
		A0C0720D20E3FBF900517ACF /* Base */ = {isa = PBXFileReference; lastKnownFileType = file.storyboard; name = Base; path = Base.lproj/LaunchScreen.storyboard; sourceTree = "<group>"; };
		A0C0720F20E3FBF900517ACF /* Info.plist */ = {isa = PBXFileReference; lastKnownFileType = text.plist.xml; path = Info.plist; sourceTree = "<group>"; };
		A0C0721520E4119400517ACF /* PersonCell.swift */ = {isa = PBXFileReference; lastKnownFileType = sourcecode.swift; path = PersonCell.swift; sourceTree = "<group>"; };
/* End PBXFileReference section */

/* Begin PBXFrameworksBuildPhase section */
		A0C071FD20E3FBF800517ACF /* Frameworks */ = {
			isa = PBXFrameworksBuildPhase;
			buildActionMask = 2147483647;
			files = (
			);
			runOnlyForDeploymentPostprocessing = 0;
		};
/* End PBXFrameworksBuildPhase section */

/* Begin PBXGroup section */
		A0C071F720E3FBF800517ACF = {
			isa = PBXGroup;
			children = (
				A0C0720220E3FBF800517ACF /* Project 10 Names to Faces */,
				A0C0720120E3FBF800517ACF /* Products */,
			);
			sourceTree = "<group>";
		};
		A0C0720120E3FBF800517ACF /* Products */ = {
			isa = PBXGroup;
			children = (
				A0C0720020E3FBF800517ACF /* Project 10 Names to Faces.app */,
			);
			name = Products;
			sourceTree = "<group>";
		};
		A0C0720220E3FBF800517ACF /* Project 10 Names to Faces */ = {
			isa = PBXGroup;
			children = (
				A0C0720320E3FBF800517ACF /* AppDelegate.swift */,
				A0C0720520E3FBF800517ACF /* ViewController.swift */,
				A0C0721520E4119400517ACF /* PersonCell.swift */,
				A0C0720720E3FBF800517ACF /* Main.storyboard */,
				A0C0720A20E3FBF900517ACF /* Assets.xcassets */,
				A0C0720C20E3FBF900517ACF /* LaunchScreen.storyboard */,
				A0C0720F20E3FBF900517ACF /* Info.plist */,
			);
			path = "Project 10 Names to Faces";
			sourceTree = "<group>";
		};
/* End PBXGroup section */

/* Begin PBXNativeTarget section */
		A0C071FF20E3FBF800517ACF /* Project 10 Names to Faces */ = {
			isa = PBXNativeTarget;
			buildConfigurationList = A0C0721220E3FBF900517ACF /* Build configuration list for PBXNativeTarget "Project 10 Names to Faces" */;
			buildPhases = (
				A0C071FC20E3FBF800517ACF /* Sources */,
				A0C071FD20E3FBF800517ACF /* Frameworks */,
				A0C071FE20E3FBF800517ACF /* Resources */,
			);
			buildRules = (
			);
			dependencies = (
			);
			name = "Project 10 Names to Faces";
			productName = "Project 10 Names to Faces";
			productReference = A0C0720020E3FBF800517ACF /* Project 10 Names to Faces.app */;
			productType = "com.apple.product-type.application";
		};
/* End PBXNativeTarget section */

/* Begin PBXProject section */
		A0C071F820E3FBF800517ACF /* Project object */ = {
			isa = PBXProject;
			attributes = {
				LastSwiftUpdateCheck = 0940;
				LastUpgradeCheck = 0940;
				ORGANIZATIONNAME = "Felix Lin";
				TargetAttributes = {
					A0C071FF20E3FBF800517ACF = {
						CreatedOnToolsVersion = 9.4.1;
					};
				};
			};
			buildConfigurationList = A0C071FB20E3FBF800517ACF /* Build configuration list for PBXProject "Project 10 Names to Faces" */;
			compatibilityVersion = "Xcode 9.3";
			developmentRegion = en;
			hasScannedForEncodings = 0;
			knownRegions = (
				en,
				Base,
			);
			mainGroup = A0C071F720E3FBF800517ACF;
			productRefGroup = A0C0720120E3FBF800517ACF /* Products */;
			projectDirPath = "";
			projectRoot = "";
			targets = (
				A0C071FF20E3FBF800517ACF /* Project 10 Names to Faces */,
			);
		};
/* End PBXProject section */

/* Begin PBXResourcesBuildPhase section */
		A0C071FE20E3FBF800517ACF /* Resources */ = {
			isa = PBXResourcesBuildPhase;
			buildActionMask = 2147483647;
			files = (
				A0C0720E20E3FBF900517ACF /* LaunchScreen.storyboard in Resources */,
				A0C0720B20E3FBF900517ACF /* Assets.xcassets in Resources */,
				A0C0720920E3FBF800517ACF /* Main.storyboard in Resources */,
			);
			runOnlyForDeploymentPostprocessing = 0;
		};
/* End PBXResourcesBuildPhase section */

/* Begin PBXSourcesBuildPhase section */
		A0C071FC20E3FBF800517ACF /* Sources */ = {
			isa = PBXSourcesBuildPhase;
			buildActionMask = 2147483647;
			files = (
				A0C0721620E4119400517ACF /* PersonCell.swift in Sources */,
				A0C0720620E3FBF800517ACF /* ViewController.swift in Sources */,
				A0C0720420E3FBF800517ACF /* AppDelegate.swift in Sources */,
			);
			runOnlyForDeploymentPostprocessing = 0;
		};
/* End PBXSourcesBuildPhase section */

/* Begin PBXVariantGroup section */
		A0C0720720E3FBF800517ACF /* Main.storyboard */ = {
			isa = PBXVariantGroup;
			children = (
				A0C0720820E3FBF800517ACF /* Base */,
			);
			name = Main.storyboard;
			sourceTree = "<group>";
		};
		A0C0720C20E3FBF900517ACF /* LaunchScreen.storyboard */ = {
			isa = PBXVariantGroup;
			children = (
				A0C0720D20E3FBF900517ACF /* Base */,
			);
			name = LaunchScreen.storyboard;
			sourceTree = "<group>";
		};
/* End PBXVariantGroup section */

/* Begin XCBuildConfiguration section */
		A0C0721020E3FBF900517ACF /* Debug */ = {
			isa = XCBuildConfiguration;
			buildSettings = {
				ALWAYS_SEARCH_USER_PATHS = NO;
				CLANG_ANALYZER_NONNULL = YES;
				CLANG_ANALYZER_NUMBER_OBJECT_CONVERSION = YES_AGGRESSIVE;
				CLANG_CXX_LANGUAGE_STANDARD = "gnu++14";
				CLANG_CXX_LIBRARY = "libc++";
				CLANG_ENABLE_MODULES = YES;
				CLANG_ENABLE_OBJC_ARC = YES;
				CLANG_ENABLE_OBJC_WEAK = YES;
				CLANG_WARN_BLOCK_CAPTURE_AUTORELEASING = YES;
				CLANG_WARN_BOOL_CONVERSION = YES;
				CLANG_WARN_COMMA = YES;
				CLANG_WARN_CONSTANT_CONVERSION = YES;
				CLANG_WARN_DEPRECATED_OBJC_IMPLEMENTATIONS = YES;
				CLANG_WARN_DIRECT_OBJC_ISA_USAGE = YES_ERROR;
				CLANG_WARN_DOCUMENTATION_COMMENTS = YES;
				CLANG_WARN_EMPTY_BODY = YES;
				CLANG_WARN_ENUM_CONVERSION = YES;
				CLANG_WARN_INFINITE_RECURSION = YES;
				CLANG_WARN_INT_CONVERSION = YES;
				CLANG_WARN_NON_LITERAL_NULL_CONVERSION = YES;
				CLANG_WARN_OBJC_IMPLICIT_RETAIN_SELF = YES;
				CLANG_WARN_OBJC_LITERAL_CONVERSION = YES;
				CLANG_WARN_OBJC_ROOT_CLASS = YES_ERROR;
				CLANG_WARN_RANGE_LOOP_ANALYSIS = YES;
				CLANG_WARN_STRICT_PROTOTYPES = YES;
				CLANG_WARN_SUSPICIOUS_MOVE = YES;
				CLANG_WARN_UNGUARDED_AVAILABILITY = YES_AGGRESSIVE;
				CLANG_WARN_UNREACHABLE_CODE = YES;
				CLANG_WARN__DUPLICATE_METHOD_MATCH = YES;
				CODE_SIGN_IDENTITY = "iPhone Developer";
				COPY_PHASE_STRIP = NO;
				DEBUG_INFORMATION_FORMAT = dwarf;
				ENABLE_STRICT_OBJC_MSGSEND = YES;
				ENABLE_TESTABILITY = YES;
				GCC_C_LANGUAGE_STANDARD = gnu11;
				GCC_DYNAMIC_NO_PIC = NO;
				GCC_NO_COMMON_BLOCKS = YES;
				GCC_OPTIMIZATION_LEVEL = 0;
				GCC_PREPROCESSOR_DEFINITIONS = (
					"DEBUG=1",
					"$(inherited)",
				);
				GCC_WARN_64_TO_32_BIT_CONVERSION = YES;
				GCC_WARN_ABOUT_RETURN_TYPE = YES_ERROR;
				GCC_WARN_UNDECLARED_SELECTOR = YES;
				GCC_WARN_UNINITIALIZED_AUTOS = YES_AGGRESSIVE;
				GCC_WARN_UNUSED_FUNCTION = YES;
				GCC_WARN_UNUSED_VARIABLE = YES;
				IPHONEOS_DEPLOYMENT_TARGET = 11.4;
				MTL_ENABLE_DEBUG_INFO = YES;
				ONLY_ACTIVE_ARCH = YES;
				SDKROOT = iphoneos;
				SWIFT_ACTIVE_COMPILATION_CONDITIONS = DEBUG;
				SWIFT_OPTIMIZATION_LEVEL = "-Onone";
			};
			name = Debug;
		};
		A0C0721120E3FBF900517ACF /* Release */ = {
			isa = XCBuildConfiguration;
			buildSettings = {
				ALWAYS_SEARCH_USER_PATHS = NO;
				CLANG_ANALYZER_NONNULL = YES;
				CLANG_ANALYZER_NUMBER_OBJECT_CONVERSION = YES_AGGRESSIVE;
				CLANG_CXX_LANGUAGE_STANDARD = "gnu++14";
				CLANG_CXX_LIBRARY = "libc++";
				CLANG_ENABLE_MODULES = YES;
				CLANG_ENABLE_OBJC_ARC = YES;
				CLANG_ENABLE_OBJC_WEAK = YES;
				CLANG_WARN_BLOCK_CAPTURE_AUTORELEASING = YES;
				CLANG_WARN_BOOL_CONVERSION = YES;
				CLANG_WARN_COMMA = YES;
				CLANG_WARN_CONSTANT_CONVERSION = YES;
				CLANG_WARN_DEPRECATED_OBJC_IMPLEMENTATIONS = YES;
				CLANG_WARN_DIRECT_OBJC_ISA_USAGE = YES_ERROR;
				CLANG_WARN_DOCUMENTATION_COMMENTS = YES;
				CLANG_WARN_EMPTY_BODY = YES;
				CLANG_WARN_ENUM_CONVERSION = YES;
				CLANG_WARN_INFINITE_RECURSION = YES;
				CLANG_WARN_INT_CONVERSION = YES;
				CLANG_WARN_NON_LITERAL_NULL_CONVERSION = YES;
				CLANG_WARN_OBJC_IMPLICIT_RETAIN_SELF = YES;
				CLANG_WARN_OBJC_LITERAL_CONVERSION = YES;
				CLANG_WARN_OBJC_ROOT_CLASS = YES_ERROR;
				CLANG_WARN_RANGE_LOOP_ANALYSIS = YES;
				CLANG_WARN_STRICT_PROTOTYPES = YES;
				CLANG_WARN_SUSPICIOUS_MOVE = YES;
				CLANG_WARN_UNGUARDED_AVAILABILITY = YES_AGGRESSIVE;
				CLANG_WARN_UNREACHABLE_CODE = YES;
				CLANG_WARN__DUPLICATE_METHOD_MATCH = YES;
				CODE_SIGN_IDENTITY = "iPhone Developer";
				COPY_PHASE_STRIP = NO;
				DEBUG_INFORMATION_FORMAT = "dwarf-with-dsym";
				ENABLE_NS_ASSERTIONS = NO;
				ENABLE_STRICT_OBJC_MSGSEND = YES;
				GCC_C_LANGUAGE_STANDARD = gnu11;
				GCC_NO_COMMON_BLOCKS = YES;
				GCC_WARN_64_TO_32_BIT_CONVERSION = YES;
				GCC_WARN_ABOUT_RETURN_TYPE = YES_ERROR;
				GCC_WARN_UNDECLARED_SELECTOR = YES;
				GCC_WARN_UNINITIALIZED_AUTOS = YES_AGGRESSIVE;
				GCC_WARN_UNUSED_FUNCTION = YES;
				GCC_WARN_UNUSED_VARIABLE = YES;
				IPHONEOS_DEPLOYMENT_TARGET = 11.4;
				MTL_ENABLE_DEBUG_INFO = NO;
				SDKROOT = iphoneos;
				SWIFT_COMPILATION_MODE = wholemodule;
				SWIFT_OPTIMIZATION_LEVEL = "-O";
				VALIDATE_PRODUCT = YES;
			};
			name = Release;
		};
		A0C0721320E3FBF900517ACF /* Debug */ = {
			isa = XCBuildConfiguration;
			buildSettings = {
				ASSETCATALOG_COMPILER_APPICON_NAME = AppIcon;
				CODE_SIGN_STYLE = Automatic;
				INFOPLIST_FILE = "Project 10 Names to Faces/Info.plist";
				LD_RUNPATH_SEARCH_PATHS = (
					"$(inherited)",
					"@executable_path/Frameworks",
				);
				PRODUCT_BUNDLE_IDENTIFIER = "com.felix.Project-10-Names-to-Faces";
				PRODUCT_NAME = "$(TARGET_NAME)";
				SWIFT_VERSION = 4.0;
				TARGETED_DEVICE_FAMILY = "1,2";
			};
			name = Debug;
		};
		A0C0721420E3FBF900517ACF /* Release */ = {
			isa = XCBuildConfiguration;
			buildSettings = {
				ASSETCATALOG_COMPILER_APPICON_NAME = AppIcon;
				CODE_SIGN_STYLE = Automatic;
				INFOPLIST_FILE = "Project 10 Names to Faces/Info.plist";
				LD_RUNPATH_SEARCH_PATHS = (
					"$(inherited)",
					"@executable_path/Frameworks",
				);
				PRODUCT_BUNDLE_IDENTIFIER = "com.felix.Project-10-Names-to-Faces";
				PRODUCT_NAME = "$(TARGET_NAME)";
				SWIFT_VERSION = 4.0;
				TARGETED_DEVICE_FAMILY = "1,2";
			};
			name = Release;
		};
/* End XCBuildConfiguration section */

/* Begin XCConfigurationList section */
		A0C071FB20E3FBF800517ACF /* Build configuration list for PBXProject "Project 10 Names to Faces" */ = {
			isa = XCConfigurationList;
			buildConfigurations = (
				A0C0721020E3FBF900517ACF /* Debug */,
				A0C0721120E3FBF900517ACF /* Release */,
			);
			defaultConfigurationIsVisible = 0;
			defaultConfigurationName = Release;
		};
		A0C0721220E3FBF900517ACF /* Build configuration list for PBXNativeTarget "Project 10 Names to Faces" */ = {
			isa = XCConfigurationList;
			buildConfigurations = (
				A0C0721320E3FBF900517ACF /* Debug */,
				A0C0721420E3FBF900517ACF /* Release */,
			);
			defaultConfigurationIsVisible = 0;
			defaultConfigurationName = Release;
		};
/* End XCConfigurationList section */
	};
	rootObject = A0C071F820E3FBF800517ACF /* Project object */;
}
