// !$*UTF8*$!
{
	archiveVersion = 1;
	classes = {
	};
	objectVersion = 50;
	objects = {

/* Begin PBXBuildFile section */
		A06E87B92107B0420048EA13 /* AppDelegate.swift in Sources */ = {isa = PBXBuildFile; fileRef = A06E87B82107B0420048EA13 /* AppDelegate.swift */; };
		A06E87BB2107B0420048EA13 /* ViewController.swift in Sources */ = {isa = PBXBuildFile; fileRef = A06E87BA2107B0420048EA13 /* ViewController.swift */; };
		A06E87BE2107B0420048EA13 /* Main.storyboard in Resources */ = {isa = PBXBuildFile; fileRef = A06E87BC2107B0420048EA13 /* Main.storyboard */; };
		A06E87C02107B0430048EA13 /* Assets.xcassets in Resources */ = {isa = PBXBuildFile; fileRef = A06E87BF2107B0430048EA13 /* Assets.xcassets */; };
		A06E87C32107B0430048EA13 /* LaunchScreen.storyboard in Resources */ = {isa = PBXBuildFile; fileRef = A06E87C12107B0430048EA13 /* LaunchScreen.storyboard */; };
/* End PBXBuildFile section */

/* Begin PBXFileReference section */
		A06E87B52107B0420048EA13 /* Project 27 Core Graphics.app */ = {isa = PBXFileReference; explicitFileType = wrapper.application; includeInIndex = 0; path = "Project 27 Core Graphics.app"; sourceTree = BUILT_PRODUCTS_DIR; };
		A06E87B82107B0420048EA13 /* AppDelegate.swift */ = {isa = PBXFileReference; lastKnownFileType = sourcecode.swift; path = AppDelegate.swift; sourceTree = "<group>"; };
		A06E87BA2107B0420048EA13 /* ViewController.swift */ = {isa = PBXFileReference; lastKnownFileType = sourcecode.swift; path = ViewController.swift; sourceTree = "<group>"; };
		A06E87BD2107B0420048EA13 /* Base */ = {isa = PBXFileReference; lastKnownFileType = file.storyboard; name = Base; path = Base.lproj/Main.storyboard; sourceTree = "<group>"; };
		A06E87BF2107B0430048EA13 /* Assets.xcassets */ = {isa = PBXFileReference; lastKnownFileType = folder.assetcatalog; path = Assets.xcassets; sourceTree = "<group>"; };
		A06E87C22107B0430048EA13 /* Base */ = {isa = PBXFileReference; lastKnownFileType = file.storyboard; name = Base; path = Base.lproj/LaunchScreen.storyboard; sourceTree = "<group>"; };
		A06E87C42107B0430048EA13 /* Info.plist */ = {isa = PBXFileReference; lastKnownFileType = text.plist.xml; path = Info.plist; sourceTree = "<group>"; };
/* End PBXFileReference section */

/* Begin PBXFrameworksBuildPhase section */
		A06E87B22107B0420048EA13 /* Frameworks */ = {
			isa = PBXFrameworksBuildPhase;
			buildActionMask = 2147483647;
			files = (
			);
			runOnlyForDeploymentPostprocessing = 0;
		};
/* End PBXFrameworksBuildPhase section */

/* Begin PBXGroup section */
		A06E87AC2107B0420048EA13 = {
			isa = PBXGroup;
			children = (
				A06E87B72107B0420048EA13 /* Project 27 Core Graphics */,
				A06E87B62107B0420048EA13 /* Products */,
			);
			sourceTree = "<group>";
		};
		A06E87B62107B0420048EA13 /* Products */ = {
			isa = PBXGroup;
			children = (
				A06E87B52107B0420048EA13 /* Project 27 Core Graphics.app */,
			);
			name = Products;
			sourceTree = "<group>";
		};
		A06E87B72107B0420048EA13 /* Project 27 Core Graphics */ = {
			isa = PBXGroup;
			children = (
				A06E87B82107B0420048EA13 /* AppDelegate.swift */,
				A06E87BA2107B0420048EA13 /* ViewController.swift */,
				A06E87BC2107B0420048EA13 /* Main.storyboard */,
				A06E87BF2107B0430048EA13 /* Assets.xcassets */,
				A06E87C12107B0430048EA13 /* LaunchScreen.storyboard */,
				A06E87C42107B0430048EA13 /* Info.plist */,
			);
			path = "Project 27 Core Graphics";
			sourceTree = "<group>";
		};
/* End PBXGroup section */

/* Begin PBXNativeTarget section */
		A06E87B42107B0420048EA13 /* Project 27 Core Graphics */ = {
			isa = PBXNativeTarget;
			buildConfigurationList = A06E87C72107B0430048EA13 /* Build configuration list for PBXNativeTarget "Project 27 Core Graphics" */;
			buildPhases = (
				A06E87B12107B0420048EA13 /* Sources */,
				A06E87B22107B0420048EA13 /* Frameworks */,
				A06E87B32107B0420048EA13 /* Resources */,
			);
			buildRules = (
			);
			dependencies = (
			);
			name = "Project 27 Core Graphics";
			productName = "Project 27 Core Graphics";
			productReference = A06E87B52107B0420048EA13 /* Project 27 Core Graphics.app */;
			productType = "com.apple.product-type.application";
		};
/* End PBXNativeTarget section */

/* Begin PBXProject section */
		A06E87AD2107B0420048EA13 /* Project object */ = {
			isa = PBXProject;
			attributes = {
				LastSwiftUpdateCheck = 0940;
				LastUpgradeCheck = 0940;
				ORGANIZATIONNAME = "Felix Lin";
				TargetAttributes = {
					A06E87B42107B0420048EA13 = {
						CreatedOnToolsVersion = 9.4.1;
					};
				};
			};
			buildConfigurationList = A06E87B02107B0420048EA13 /* Build configuration list for PBXProject "Project 27 Core Graphics" */;
			compatibilityVersion = "Xcode 9.3";
			developmentRegion = en;
			hasScannedForEncodings = 0;
			knownRegions = (
				en,
				Base,
			);
			mainGroup = A06E87AC2107B0420048EA13;
			productRefGroup = A06E87B62107B0420048EA13 /* Products */;
			projectDirPath = "";
			projectRoot = "";
			targets = (
				A06E87B42107B0420048EA13 /* Project 27 Core Graphics */,
			);
		};
/* End PBXProject section */

/* Begin PBXResourcesBuildPhase section */
		A06E87B32107B0420048EA13 /* Resources */ = {
			isa = PBXResourcesBuildPhase;
			buildActionMask = 2147483647;
			files = (
				A06E87C32107B0430048EA13 /* LaunchScreen.storyboard in Resources */,
				A06E87C02107B0430048EA13 /* Assets.xcassets in Resources */,
				A06E87BE2107B0420048EA13 /* Main.storyboard in Resources */,
			);
			runOnlyForDeploymentPostprocessing = 0;
		};
/* End PBXResourcesBuildPhase section */

/* Begin PBXSourcesBuildPhase section */
		A06E87B12107B0420048EA13 /* Sources */ = {
			isa = PBXSourcesBuildPhase;
			buildActionMask = 2147483647;
			files = (
				A06E87BB2107B0420048EA13 /* ViewController.swift in Sources */,
				A06E87B92107B0420048EA13 /* AppDelegate.swift in Sources */,
			);
			runOnlyForDeploymentPostprocessing = 0;
		};
/* End PBXSourcesBuildPhase section */

/* Begin PBXVariantGroup section */
		A06E87BC2107B0420048EA13 /* Main.storyboard */ = {
			isa = PBXVariantGroup;
			children = (
				A06E87BD2107B0420048EA13 /* Base */,
			);
			name = Main.storyboard;
			sourceTree = "<group>";
		};
		A06E87C12107B0430048EA13 /* LaunchScreen.storyboard */ = {
			isa = PBXVariantGroup;
			children = (
				A06E87C22107B0430048EA13 /* Base */,
			);
			name = LaunchScreen.storyboard;
			sourceTree = "<group>";
		};
/* End PBXVariantGroup section */

/* Begin XCBuildConfiguration section */
		A06E87C52107B0430048EA13 /* Debug */ = {
			isa = XCBuildConfiguration;
			buildSettings = {
				ALWAYS_SEARCH_USER_PATHS = NO;
				CLANG_ANALYZER_NONNULL = YES;
				CLANG_ANALYZER_NUMBER_OBJECT_CONVERSION = YES_AGGRESSIVE;
				CLANG_CXX_LANGUAGE_STANDARD = "gnu++14";
				CLANG_CXX_LIBRARY = "libc++";
				CLANG_ENABLE_MODULES = YES;
				CLANG_ENABLE_OBJC_ARC = YES;
				CLANG_ENABLE_OBJC_WEAK = YES;
				CLANG_WARN_BLOCK_CAPTURE_AUTORELEASING = YES;
				CLANG_WARN_BOOL_CONVERSION = YES;
				CLANG_WARN_COMMA = YES;
				CLANG_WARN_CONSTANT_CONVERSION = YES;
				CLANG_WARN_DEPRECATED_OBJC_IMPLEMENTATIONS = YES;
				CLANG_WARN_DIRECT_OBJC_ISA_USAGE = YES_ERROR;
				CLANG_WARN_DOCUMENTATION_COMMENTS = YES;
				CLANG_WARN_EMPTY_BODY = YES;
				CLANG_WARN_ENUM_CONVERSION = YES;
				CLANG_WARN_INFINITE_RECURSION = YES;
				CLANG_WARN_INT_CONVERSION = YES;
				CLANG_WARN_NON_LITERAL_NULL_CONVERSION = YES;
				CLANG_WARN_OBJC_IMPLICIT_RETAIN_SELF = YES;
				CLANG_WARN_OBJC_LITERAL_CONVERSION = YES;
				CLANG_WARN_OBJC_ROOT_CLASS = YES_ERROR;
				CLANG_WARN_RANGE_LOOP_ANALYSIS = YES;
				CLANG_WARN_STRICT_PROTOTYPES = YES;
				CLANG_WARN_SUSPICIOUS_MOVE = YES;
				CLANG_WARN_UNGUARDED_AVAILABILITY = YES_AGGRESSIVE;
				CLANG_WARN_UNREACHABLE_CODE = YES;
				CLANG_WARN__DUPLICATE_METHOD_MATCH = YES;
				CODE_SIGN_IDENTITY = "iPhone Developer";
				COPY_PHASE_STRIP = NO;
				DEBUG_INFORMATION_FORMAT = dwarf;
				ENABLE_STRICT_OBJC_MSGSEND = YES;
				ENABLE_TESTABILITY = YES;
				GCC_C_LANGUAGE_STANDARD = gnu11;
				GCC_DYNAMIC_NO_PIC = NO;
				GCC_NO_COMMON_BLOCKS = YES;
				GCC_OPTIMIZATION_LEVEL = 0;
				GCC_PREPROCESSOR_DEFINITIONS = (
					"DEBUG=1",
					"$(inherited)",
				);
				GCC_WARN_64_TO_32_BIT_CONVERSION = YES;
				GCC_WARN_ABOUT_RETURN_TYPE = YES_ERROR;
				GCC_WARN_UNDECLARED_SELECTOR = YES;
				GCC_WARN_UNINITIALIZED_AUTOS = YES_AGGRESSIVE;
				GCC_WARN_UNUSED_FUNCTION = YES;
				GCC_WARN_UNUSED_VARIABLE = YES;
				IPHONEOS_DEPLOYMENT_TARGET = 11.4;
				MTL_ENABLE_DEBUG_INFO = YES;
				ONLY_ACTIVE_ARCH = YES;
				SDKROOT = iphoneos;
				SWIFT_ACTIVE_COMPILATION_CONDITIONS = DEBUG;
				SWIFT_OPTIMIZATION_LEVEL = "-Onone";
			};
			name = Debug;
		};
		A06E87C62107B0430048EA13 /* Release */ = {
			isa = XCBuildConfiguration;
			buildSettings = {
				ALWAYS_SEARCH_USER_PATHS = NO;
				CLANG_ANALYZER_NONNULL = YES;
				CLANG_ANALYZER_NUMBER_OBJECT_CONVERSION = YES_AGGRESSIVE;
				CLANG_CXX_LANGUAGE_STANDARD = "gnu++14";
				CLANG_CXX_LIBRARY = "libc++";
				CLANG_ENABLE_MODULES = YES;
				CLANG_ENABLE_OBJC_ARC = YES;
				CLANG_ENABLE_OBJC_WEAK = YES;
				CLANG_WARN_BLOCK_CAPTURE_AUTORELEASING = YES;
				CLANG_WARN_BOOL_CONVERSION = YES;
				CLANG_WARN_COMMA = YES;
				CLANG_WARN_CONSTANT_CONVERSION = YES;
				CLANG_WARN_DEPRECATED_OBJC_IMPLEMENTATIONS = YES;
				CLANG_WARN_DIRECT_OBJC_ISA_USAGE = YES_ERROR;
				CLANG_WARN_DOCUMENTATION_COMMENTS = YES;
				CLANG_WARN_EMPTY_BODY = YES;
				CLANG_WARN_ENUM_CONVERSION = YES;
				CLANG_WARN_INFINITE_RECURSION = YES;
				CLANG_WARN_INT_CONVERSION = YES;
				CLANG_WARN_NON_LITERAL_NULL_CONVERSION = YES;
				CLANG_WARN_OBJC_IMPLICIT_RETAIN_SELF = YES;
				CLANG_WARN_OBJC_LITERAL_CONVERSION = YES;
				CLANG_WARN_OBJC_ROOT_CLASS = YES_ERROR;
				CLANG_WARN_RANGE_LOOP_ANALYSIS = YES;
				CLANG_WARN_STRICT_PROTOTYPES = YES;
				CLANG_WARN_SUSPICIOUS_MOVE = YES;
				CLANG_WARN_UNGUARDED_AVAILABILITY = YES_AGGRESSIVE;
				CLANG_WARN_UNREACHABLE_CODE = YES;
				CLANG_WARN__DUPLICATE_METHOD_MATCH = YES;
				CODE_SIGN_IDENTITY = "iPhone Developer";
				COPY_PHASE_STRIP = NO;
				DEBUG_INFORMATION_FORMAT = "dwarf-with-dsym";
				ENABLE_NS_ASSERTIONS = NO;
				ENABLE_STRICT_OBJC_MSGSEND = YES;
				GCC_C_LANGUAGE_STANDARD = gnu11;
				GCC_NO_COMMON_BLOCKS = YES;
				GCC_WARN_64_TO_32_BIT_CONVERSION = YES;
				GCC_WARN_ABOUT_RETURN_TYPE = YES_ERROR;
				GCC_WARN_UNDECLARED_SELECTOR = YES;
				GCC_WARN_UNINITIALIZED_AUTOS = YES_AGGRESSIVE;
				GCC_WARN_UNUSED_FUNCTION = YES;
				GCC_WARN_UNUSED_VARIABLE = YES;
				IPHONEOS_DEPLOYMENT_TARGET = 11.4;
				MTL_ENABLE_DEBUG_INFO = NO;
				SDKROOT = iphoneos;
				SWIFT_COMPILATION_MODE = wholemodule;
				SWIFT_OPTIMIZATION_LEVEL = "-O";
				VALIDATE_PRODUCT = YES;
			};
			name = Release;
		};
		A06E87C82107B0430048EA13 /* Debug */ = {
			isa = XCBuildConfiguration;
			buildSettings = {
				ASSETCATALOG_COMPILER_APPICON_NAME = AppIcon;
				CODE_SIGN_STYLE = Automatic;
				DEVELOPMENT_TEAM = KX2VYW399T;
				INFOPLIST_FILE = "Project 27 Core Graphics/Info.plist";
				LD_RUNPATH_SEARCH_PATHS = (
					"$(inherited)",
					"@executable_path/Frameworks",
				);
				PRODUCT_BUNDLE_IDENTIFIER = "com.felix.Project-27-Core-Graphics";
				PRODUCT_NAME = "$(TARGET_NAME)";
				SWIFT_VERSION = 4.0;
				TARGETED_DEVICE_FAMILY = 2;
			};
			name = Debug;
		};
		A06E87C92107B0430048EA13 /* Release */ = {
			isa = XCBuildConfiguration;
			buildSettings = {
				ASSETCATALOG_COMPILER_APPICON_NAME = AppIcon;
				CODE_SIGN_STYLE = Automatic;
				DEVELOPMENT_TEAM = KX2VYW399T;
				INFOPLIST_FILE = "Project 27 Core Graphics/Info.plist";
				LD_RUNPATH_SEARCH_PATHS = (
					"$(inherited)",
					"@executable_path/Frameworks",
				);
				PRODUCT_BUNDLE_IDENTIFIER = "com.felix.Project-27-Core-Graphics";
				PRODUCT_NAME = "$(TARGET_NAME)";
				SWIFT_VERSION = 4.0;
				TARGETED_DEVICE_FAMILY = 2;
			};
			name = Release;
		};
/* End XCBuildConfiguration section */

/* Begin XCConfigurationList section */
		A06E87B02107B0420048EA13 /* Build configuration list for PBXProject "Project 27 Core Graphics" */ = {
			isa = XCConfigurationList;
			buildConfigurations = (
				A06E87C52107B0430048EA13 /* Debug */,
				A06E87C62107B0430048EA13 /* Release */,
			);
			defaultConfigurationIsVisible = 0;
			defaultConfigurationName = Release;
		};
		A06E87C72107B0430048EA13 /* Build configuration list for PBXNativeTarget "Project 27 Core Graphics" */ = {
			isa = XCConfigurationList;
			buildConfigurations = (
				A06E87C82107B0430048EA13 /* Debug */,
				A06E87C92107B0430048EA13 /* Release */,
			);
			defaultConfigurationIsVisible = 0;
			defaultConfigurationName = Release;
		};
/* End XCConfigurationList section */
	};
	rootObject = A06E87AD2107B0420048EA13 /* Project object */;
}
